// !$*UTF8*$!
{
	archiveVersion = 1;
	classes = {
	};
	objectVersion = 51;
	objects = {

/* Begin PBXBuildFile section */
		841822AF237DF67800F7F4B3 /* SecretsKeeper.swift in Sources */ = {isa = PBXBuildFile; fileRef = 841822AE237DF67800F7F4B3 /* SecretsKeeper.swift */; };
		84230DF423800678005E54AB /* VenuesPresenter.swift in Sources */ = {isa = PBXBuildFile; fileRef = 84230DF323800678005E54AB /* VenuesPresenter.swift */; };
		84230DF723800B95005E54AB /* Venue.swift in Sources */ = {isa = PBXBuildFile; fileRef = 84230DF623800B95005E54AB /* Venue.swift */; };
		84230DF923800BE6005E54AB /* VenueLocation.swift in Sources */ = {isa = PBXBuildFile; fileRef = 84230DF823800BE6005E54AB /* VenueLocation.swift */; };
		84230DFB23800C1E005E54AB /* VenueLabeledLatLng.swift in Sources */ = {isa = PBXBuildFile; fileRef = 84230DFA23800C1E005E54AB /* VenueLabeledLatLng.swift */; };
		84230DFD2380106F005E54AB /* ForsquareFacade.swift in Sources */ = {isa = PBXBuildFile; fileRef = 84230DFC2380106F005E54AB /* ForsquareFacade.swift */; };
		84B8DB63237B688200B88D4B /* AppDelegate.swift in Sources */ = {isa = PBXBuildFile; fileRef = 84B8DB62237B688200B88D4B /* AppDelegate.swift */; };
		84B8DB65237B688200B88D4B /* SceneDelegate.swift in Sources */ = {isa = PBXBuildFile; fileRef = 84B8DB64237B688200B88D4B /* SceneDelegate.swift */; };
		84B8DB67237B688200B88D4B /* ViewController.swift in Sources */ = {isa = PBXBuildFile; fileRef = 84B8DB66237B688200B88D4B /* ViewController.swift */; };
		84B8DB6A237B688200B88D4B /* Main.storyboard in Resources */ = {isa = PBXBuildFile; fileRef = 84B8DB68237B688200B88D4B /* Main.storyboard */; };
		84B8DB6C237B688300B88D4B /* Assets.xcassets in Resources */ = {isa = PBXBuildFile; fileRef = 84B8DB6B237B688300B88D4B /* Assets.xcassets */; };
		84B8DB6F237B688300B88D4B /* LaunchScreen.storyboard in Resources */ = {isa = PBXBuildFile; fileRef = 84B8DB6D237B688300B88D4B /* LaunchScreen.storyboard */; };
		84B8DB7A237B688300B88D4B /* ForsquareLookupTests.swift in Sources */ = {isa = PBXBuildFile; fileRef = 84B8DB79237B688300B88D4B /* ForsquareLookupTests.swift */; };
		88878443D6DD71DFC1F627CE /* Pods_ForsquareLookup.framework in Frameworks */ = {isa = PBXBuildFile; fileRef = 54BA3FF8C3D5C1FAF7FD3E52 /* Pods_ForsquareLookup.framework */; };
		D02B90F9E366BBCD8E491913 /* Pods_ForsquareLookupTests.framework in Frameworks */ = {isa = PBXBuildFile; fileRef = B7467DCE00A6B381AEE824FE /* Pods_ForsquareLookupTests.framework */; };
/* End PBXBuildFile section */

/* Begin PBXContainerItemProxy section */
		84B8DB76237B688300B88D4B /* PBXContainerItemProxy */ = {
			isa = PBXContainerItemProxy;
			containerPortal = 84B8DB57237B688200B88D4B /* Project object */;
			proxyType = 1;
			remoteGlobalIDString = 84B8DB5E237B688200B88D4B;
			remoteInfo = ForsquareLookup;
		};
/* End PBXContainerItemProxy section */

/* Begin PBXFileReference section */
		54BA3FF8C3D5C1FAF7FD3E52 /* Pods_ForsquareLookup.framework */ = {isa = PBXFileReference; explicitFileType = wrapper.framework; includeInIndex = 0; path = Pods_ForsquareLookup.framework; sourceTree = BUILT_PRODUCTS_DIR; };
		6DC5B54E207B1D42DF9565DA /* Pods-ForsquareLookupTests.release.xcconfig */ = {isa = PBXFileReference; includeInIndex = 1; lastKnownFileType = text.xcconfig; name = "Pods-ForsquareLookupTests.release.xcconfig"; path = "Target Support Files/Pods-ForsquareLookupTests/Pods-ForsquareLookupTests.release.xcconfig"; sourceTree = "<group>"; };
		841822AE237DF67800F7F4B3 /* SecretsKeeper.swift */ = {isa = PBXFileReference; lastKnownFileType = sourcecode.swift; path = SecretsKeeper.swift; sourceTree = "<group>"; };
		84230DF323800678005E54AB /* VenuesPresenter.swift */ = {isa = PBXFileReference; lastKnownFileType = sourcecode.swift; path = VenuesPresenter.swift; sourceTree = "<group>"; };
		84230DF623800B95005E54AB /* Venue.swift */ = {isa = PBXFileReference; lastKnownFileType = sourcecode.swift; path = Venue.swift; sourceTree = "<group>"; };
		84230DF823800BE6005E54AB /* VenueLocation.swift */ = {isa = PBXFileReference; lastKnownFileType = sourcecode.swift; path = VenueLocation.swift; sourceTree = "<group>"; };
		84230DFA23800C1E005E54AB /* VenueLabeledLatLng.swift */ = {isa = PBXFileReference; lastKnownFileType = sourcecode.swift; path = VenueLabeledLatLng.swift; sourceTree = "<group>"; };
		84230DFC2380106F005E54AB /* ForsquareFacade.swift */ = {isa = PBXFileReference; lastKnownFileType = sourcecode.swift; path = ForsquareFacade.swift; sourceTree = "<group>"; };
		84B8DB5F237B688200B88D4B /* ForsquareLookup.app */ = {isa = PBXFileReference; explicitFileType = wrapper.application; includeInIndex = 0; path = ForsquareLookup.app; sourceTree = BUILT_PRODUCTS_DIR; };
		84B8DB62237B688200B88D4B /* AppDelegate.swift */ = {isa = PBXFileReference; lastKnownFileType = sourcecode.swift; path = AppDelegate.swift; sourceTree = "<group>"; };
		84B8DB64237B688200B88D4B /* SceneDelegate.swift */ = {isa = PBXFileReference; lastKnownFileType = sourcecode.swift; path = SceneDelegate.swift; sourceTree = "<group>"; };
		84B8DB66237B688200B88D4B /* ViewController.swift */ = {isa = PBXFileReference; lastKnownFileType = sourcecode.swift; path = ViewController.swift; sourceTree = "<group>"; };
		84B8DB69237B688200B88D4B /* Base */ = {isa = PBXFileReference; lastKnownFileType = file.storyboard; name = Base; path = Base.lproj/Main.storyboard; sourceTree = "<group>"; };
		84B8DB6B237B688300B88D4B /* Assets.xcassets */ = {isa = PBXFileReference; lastKnownFileType = folder.assetcatalog; path = Assets.xcassets; sourceTree = "<group>"; };
		84B8DB6E237B688300B88D4B /* Base */ = {isa = PBXFileReference; lastKnownFileType = file.storyboard; name = Base; path = Base.lproj/LaunchScreen.storyboard; sourceTree = "<group>"; };
		84B8DB70237B688300B88D4B /* Info.plist */ = {isa = PBXFileReference; lastKnownFileType = text.plist.xml; path = Info.plist; sourceTree = "<group>"; };
		84B8DB75237B688300B88D4B /* ForsquareLookupTests.xctest */ = {isa = PBXFileReference; explicitFileType = wrapper.cfbundle; includeInIndex = 0; path = ForsquareLookupTests.xctest; sourceTree = BUILT_PRODUCTS_DIR; };
		84B8DB79237B688300B88D4B /* ForsquareLookupTests.swift */ = {isa = PBXFileReference; lastKnownFileType = sourcecode.swift; path = ForsquareLookupTests.swift; sourceTree = "<group>"; };
		84B8DB7B237B688300B88D4B /* Info.plist */ = {isa = PBXFileReference; lastKnownFileType = text.plist.xml; path = Info.plist; sourceTree = "<group>"; };
		899404B3387630F527F38F2A /* Pods-ForsquareLookup.release.xcconfig */ = {isa = PBXFileReference; includeInIndex = 1; lastKnownFileType = text.xcconfig; name = "Pods-ForsquareLookup.release.xcconfig"; path = "Target Support Files/Pods-ForsquareLookup/Pods-ForsquareLookup.release.xcconfig"; sourceTree = "<group>"; };
		B7467DCE00A6B381AEE824FE /* Pods_ForsquareLookupTests.framework */ = {isa = PBXFileReference; explicitFileType = wrapper.framework; includeInIndex = 0; path = Pods_ForsquareLookupTests.framework; sourceTree = BUILT_PRODUCTS_DIR; };
		B9FC1B0DE46BABCEAEE89140 /* Pods-ForsquareLookupTests.debug.xcconfig */ = {isa = PBXFileReference; includeInIndex = 1; lastKnownFileType = text.xcconfig; name = "Pods-ForsquareLookupTests.debug.xcconfig"; path = "Target Support Files/Pods-ForsquareLookupTests/Pods-ForsquareLookupTests.debug.xcconfig"; sourceTree = "<group>"; };
		F39A36E06035A7979CFDFA64 /* Pods-ForsquareLookup.debug.xcconfig */ = {isa = PBXFileReference; includeInIndex = 1; lastKnownFileType = text.xcconfig; name = "Pods-ForsquareLookup.debug.xcconfig"; path = "Target Support Files/Pods-ForsquareLookup/Pods-ForsquareLookup.debug.xcconfig"; sourceTree = "<group>"; };
/* End PBXFileReference section */

/* Begin PBXFrameworksBuildPhase section */
		84B8DB5C237B688200B88D4B /* Frameworks */ = {
			isa = PBXFrameworksBuildPhase;
			buildActionMask = 2147483647;
			files = (
				88878443D6DD71DFC1F627CE /* Pods_ForsquareLookup.framework in Frameworks */,
			);
			runOnlyForDeploymentPostprocessing = 0;
		};
		84B8DB72237B688300B88D4B /* Frameworks */ = {
			isa = PBXFrameworksBuildPhase;
			buildActionMask = 2147483647;
			files = (
				D02B90F9E366BBCD8E491913 /* Pods_ForsquareLookupTests.framework in Frameworks */,
			);
			runOnlyForDeploymentPostprocessing = 0;
		};
/* End PBXFrameworksBuildPhase section */

/* Begin PBXGroup section */
		84230DF22380065E005E54AB /* Presenter */ = {
			isa = PBXGroup;
			children = (
				84230DF323800678005E54AB /* VenuesPresenter.swift */,
			);
			path = Presenter;
			sourceTree = "<group>";
		};
		84230DF523800B82005E54AB /* Data */ = {
			isa = PBXGroup;
			children = (
				84230DF623800B95005E54AB /* Venue.swift */,
				84230DF823800BE6005E54AB /* VenueLocation.swift */,
				84230DFA23800C1E005E54AB /* VenueLabeledLatLng.swift */,
			);
			path = Data;
			sourceTree = "<group>";
		};
		84230DFE23817B6F005E54AB /* View */ = {
			isa = PBXGroup;
			children = (
				84B8DB66237B688200B88D4B /* ViewController.swift */,
				84B8DB68237B688200B88D4B /* Main.storyboard */,
				84B8DB6D237B688300B88D4B /* LaunchScreen.storyboard */,
			);
			path = View;
			sourceTree = "<group>";
		};
		84B8DB56237B688200B88D4B = {
			isa = PBXGroup;
			children = (
				84B8DB61237B688200B88D4B /* ForsquareLookup */,
				84B8DB78237B688300B88D4B /* ForsquareLookupTests */,
				84B8DB60237B688200B88D4B /* Products */,
				A73FA7574FE981EAA8F45C71 /* Pods */,
				8E874511A348B41F2CC96B64 /* Frameworks */,
			);
			sourceTree = "<group>";
		};
		84B8DB60237B688200B88D4B /* Products */ = {
			isa = PBXGroup;
			children = (
				84B8DB5F237B688200B88D4B /* ForsquareLookup.app */,
				84B8DB75237B688300B88D4B /* ForsquareLookupTests.xctest */,
			);
			name = Products;
			sourceTree = "<group>";
		};
		84B8DB61237B688200B88D4B /* ForsquareLookup */ = {
			isa = PBXGroup;
			children = (
				84230DFE23817B6F005E54AB /* View */,
				84230DF22380065E005E54AB /* Presenter */,
				84B8DB84237B6D0A00B88D4B /* Model */,
				84B8DB62237B688200B88D4B /* AppDelegate.swift */,
				84B8DB64237B688200B88D4B /* SceneDelegate.swift */,
				84B8DB6B237B688300B88D4B /* Assets.xcassets */,
				84B8DB70237B688300B88D4B /* Info.plist */,
			);
			path = ForsquareLookup;
			sourceTree = "<group>";
		};
		84B8DB78237B688300B88D4B /* ForsquareLookupTests */ = {
			isa = PBXGroup;
			children = (
				84B8DB79237B688300B88D4B /* ForsquareLookupTests.swift */,
				84B8DB7B237B688300B88D4B /* Info.plist */,
			);
			path = ForsquareLookupTests;
			sourceTree = "<group>";
		};
		84B8DB84237B6D0A00B88D4B /* Model */ = {
			isa = PBXGroup;
			children = (
				84230DF523800B82005E54AB /* Data */,
				841822AE237DF67800F7F4B3 /* SecretsKeeper.swift */,
				84230DFC2380106F005E54AB /* ForsquareFacade.swift */,
			);
			path = Model;
			sourceTree = "<group>";
		};
		8E874511A348B41F2CC96B64 /* Frameworks */ = {
			isa = PBXGroup;
			children = (
				54BA3FF8C3D5C1FAF7FD3E52 /* Pods_ForsquareLookup.framework */,
				B7467DCE00A6B381AEE824FE /* Pods_ForsquareLookupTests.framework */,
			);
			name = Frameworks;
			sourceTree = "<group>";
		};
		A73FA7574FE981EAA8F45C71 /* Pods */ = {
			isa = PBXGroup;
			children = (
				F39A36E06035A7979CFDFA64 /* Pods-ForsquareLookup.debug.xcconfig */,
				899404B3387630F527F38F2A /* Pods-ForsquareLookup.release.xcconfig */,
				B9FC1B0DE46BABCEAEE89140 /* Pods-ForsquareLookupTests.debug.xcconfig */,
				6DC5B54E207B1D42DF9565DA /* Pods-ForsquareLookupTests.release.xcconfig */,
			);
			path = Pods;
			sourceTree = "<group>";
		};
/* End PBXGroup section */

/* Begin PBXNativeTarget section */
		84B8DB5E237B688200B88D4B /* ForsquareLookup */ = {
			isa = PBXNativeTarget;
			buildConfigurationList = 84B8DB7E237B688300B88D4B /* Build configuration list for PBXNativeTarget "ForsquareLookup" */;
			buildPhases = (
				353D4BBF6547481A7FED9AA7 /* [CP] Check Pods Manifest.lock */,
				84B8DB5B237B688200B88D4B /* Sources */,
				84B8DB5C237B688200B88D4B /* Frameworks */,
				84B8DB5D237B688200B88D4B /* Resources */,
				184C03AF70861273F2AC1319 /* [CP] Embed Pods Frameworks */,
			);
			buildRules = (
			);
			dependencies = (
			);
			name = ForsquareLookup;
			productName = ForsquareLookup;
			productReference = 84B8DB5F237B688200B88D4B /* ForsquareLookup.app */;
			productType = "com.apple.product-type.application";
		};
		84B8DB74237B688300B88D4B /* ForsquareLookupTests */ = {
			isa = PBXNativeTarget;
			buildConfigurationList = 84B8DB81237B688300B88D4B /* Build configuration list for PBXNativeTarget "ForsquareLookupTests" */;
			buildPhases = (
				A243ACFB6359964660C0A137 /* [CP] Check Pods Manifest.lock */,
				84B8DB71237B688300B88D4B /* Sources */,
				84B8DB72237B688300B88D4B /* Frameworks */,
				84B8DB73237B688300B88D4B /* Resources */,
			);
			buildRules = (
			);
			dependencies = (
				84B8DB77237B688300B88D4B /* PBXTargetDependency */,
			);
			name = ForsquareLookupTests;
			productName = ForsquareLookupTests;
			productReference = 84B8DB75237B688300B88D4B /* ForsquareLookupTests.xctest */;
			productType = "com.apple.product-type.bundle.unit-test";
		};
/* End PBXNativeTarget section */

/* Begin PBXProject section */
		84B8DB57237B688200B88D4B /* Project object */ = {
			isa = PBXProject;
			attributes = {
				LastSwiftUpdateCheck = 1120;
				LastUpgradeCheck = 1120;
				ORGANIZATIONNAME = "Patryk Winowski";
				TargetAttributes = {
					84B8DB5E237B688200B88D4B = {
						CreatedOnToolsVersion = 11.2;
					};
					84B8DB74237B688300B88D4B = {
						CreatedOnToolsVersion = 11.2;
						TestTargetID = 84B8DB5E237B688200B88D4B;
					};
				};
			};
			buildConfigurationList = 84B8DB5A237B688200B88D4B /* Build configuration list for PBXProject "ForsquareLookup" */;
			compatibilityVersion = "Xcode 9.3";
			developmentRegion = en;
			hasScannedForEncodings = 0;
			knownRegions = (
				en,
				Base,
			);
			mainGroup = 84B8DB56237B688200B88D4B;
			productRefGroup = 84B8DB60237B688200B88D4B /* Products */;
			projectDirPath = "";
			projectRoot = "";
			targets = (
				84B8DB5E237B688200B88D4B /* ForsquareLookup */,
				84B8DB74237B688300B88D4B /* ForsquareLookupTests */,
			);
		};
/* End PBXProject section */

/* Begin PBXResourcesBuildPhase section */
		84B8DB5D237B688200B88D4B /* Resources */ = {
			isa = PBXResourcesBuildPhase;
			buildActionMask = 2147483647;
			files = (
				84B8DB6F237B688300B88D4B /* LaunchScreen.storyboard in Resources */,
				84B8DB6C237B688300B88D4B /* Assets.xcassets in Resources */,
				84B8DB6A237B688200B88D4B /* Main.storyboard in Resources */,
			);
			runOnlyForDeploymentPostprocessing = 0;
		};
		84B8DB73237B688300B88D4B /* Resources */ = {
			isa = PBXResourcesBuildPhase;
			buildActionMask = 2147483647;
			files = (
			);
			runOnlyForDeploymentPostprocessing = 0;
		};
/* End PBXResourcesBuildPhase section */

/* Begin PBXShellScriptBuildPhase section */
		184C03AF70861273F2AC1319 /* [CP] Embed Pods Frameworks */ = {
			isa = PBXShellScriptBuildPhase;
			buildActionMask = 2147483647;
			files = (
			);
			inputFileListPaths = (
				"${PODS_ROOT}/Target Support Files/Pods-ForsquareLookup/Pods-ForsquareLookup-frameworks-${CONFIGURATION}-input-files.xcfilelist",
			);
			name = "[CP] Embed Pods Frameworks";
			outputFileListPaths = (
				"${PODS_ROOT}/Target Support Files/Pods-ForsquareLookup/Pods-ForsquareLookup-frameworks-${CONFIGURATION}-output-files.xcfilelist",
			);
			runOnlyForDeploymentPostprocessing = 0;
			shellPath = /bin/sh;
			shellScript = "\"${PODS_ROOT}/Target Support Files/Pods-ForsquareLookup/Pods-ForsquareLookup-frameworks.sh\"\n";
			showEnvVarsInLog = 0;
		};
		353D4BBF6547481A7FED9AA7 /* [CP] Check Pods Manifest.lock */ = {
			isa = PBXShellScriptBuildPhase;
			buildActionMask = 2147483647;
			files = (
			);
			inputFileListPaths = (
			);
			inputPaths = (
				"${PODS_PODFILE_DIR_PATH}/Podfile.lock",
				"${PODS_ROOT}/Manifest.lock",
			);
			name = "[CP] Check Pods Manifest.lock";
			outputFileListPaths = (
			);
			outputPaths = (
				"$(DERIVED_FILE_DIR)/Pods-ForsquareLookup-checkManifestLockResult.txt",
			);
			runOnlyForDeploymentPostprocessing = 0;
			shellPath = /bin/sh;
			shellScript = "diff \"${PODS_PODFILE_DIR_PATH}/Podfile.lock\" \"${PODS_ROOT}/Manifest.lock\" > /dev/null\nif [ $? != 0 ] ; then\n    # print error to STDERR\n    echo \"error: The sandbox is not in sync with the Podfile.lock. Run 'pod install' or update your CocoaPods installation.\" >&2\n    exit 1\nfi\n# This output is used by Xcode 'outputs' to avoid re-running this script phase.\necho \"SUCCESS\" > \"${SCRIPT_OUTPUT_FILE_0}\"\n";
			showEnvVarsInLog = 0;
		};
		A243ACFB6359964660C0A137 /* [CP] Check Pods Manifest.lock */ = {
			isa = PBXShellScriptBuildPhase;
			buildActionMask = 2147483647;
			files = (
			);
			inputFileListPaths = (
			);
			inputPaths = (
				"${PODS_PODFILE_DIR_PATH}/Podfile.lock",
				"${PODS_ROOT}/Manifest.lock",
			);
			name = "[CP] Check Pods Manifest.lock";
			outputFileListPaths = (
			);
			outputPaths = (
				"$(DERIVED_FILE_DIR)/Pods-ForsquareLookupTests-checkManifestLockResult.txt",
			);
			runOnlyForDeploymentPostprocessing = 0;
			shellPath = /bin/sh;
			shellScript = "diff \"${PODS_PODFILE_DIR_PATH}/Podfile.lock\" \"${PODS_ROOT}/Manifest.lock\" > /dev/null\nif [ $? != 0 ] ; then\n    # print error to STDERR\n    echo \"error: The sandbox is not in sync with the Podfile.lock. Run 'pod install' or update your CocoaPods installation.\" >&2\n    exit 1\nfi\n# This output is used by Xcode 'outputs' to avoid re-running this script phase.\necho \"SUCCESS\" > \"${SCRIPT_OUTPUT_FILE_0}\"\n";
			showEnvVarsInLog = 0;
		};
/* End PBXShellScriptBuildPhase section */

/* Begin PBXSourcesBuildPhase section */
		84B8DB5B237B688200B88D4B /* Sources */ = {
			isa = PBXSourcesBuildPhase;
			buildActionMask = 2147483647;
			files = (
				84B8DB67237B688200B88D4B /* ViewController.swift in Sources */,
				84230DFB23800C1E005E54AB /* VenueLabeledLatLng.swift in Sources */,
				84230DF723800B95005E54AB /* Venue.swift in Sources */,
				84B8DB63237B688200B88D4B /* AppDelegate.swift in Sources */,
				84230DF923800BE6005E54AB /* VenueLocation.swift in Sources */,
				84230DF423800678005E54AB /* VenuesPresenter.swift in Sources */,
				84230DFD2380106F005E54AB /* ForsquareFacade.swift in Sources */,
				84B8DB65237B688200B88D4B /* SceneDelegate.swift in Sources */,
				841822AF237DF67800F7F4B3 /* SecretsKeeper.swift in Sources */,
			);
			runOnlyForDeploymentPostprocessing = 0;
		};
		84B8DB71237B688300B88D4B /* Sources */ = {
			isa = PBXSourcesBuildPhase;
			buildActionMask = 2147483647;
			files = (
				84B8DB7A237B688300B88D4B /* ForsquareLookupTests.swift in Sources */,
			);
			runOnlyForDeploymentPostprocessing = 0;
		};
/* End PBXSourcesBuildPhase section */

/* Begin PBXTargetDependency section */
		84B8DB77237B688300B88D4B /* PBXTargetDependency */ = {
			isa = PBXTargetDependency;
			target = 84B8DB5E237B688200B88D4B /* ForsquareLookup */;
			targetProxy = 84B8DB76237B688300B88D4B /* PBXContainerItemProxy */;
		};
/* End PBXTargetDependency section */

/* Begin PBXVariantGroup section */
		84B8DB68237B688200B88D4B /* Main.storyboard */ = {
			isa = PBXVariantGroup;
			children = (
				84B8DB69237B688200B88D4B /* Base */,
			);
			name = Main.storyboard;
			sourceTree = "<group>";
		};
		84B8DB6D237B688300B88D4B /* LaunchScreen.storyboard */ = {
			isa = PBXVariantGroup;
			children = (
				84B8DB6E237B688300B88D4B /* Base */,
			);
			name = LaunchScreen.storyboard;
			sourceTree = "<group>";
		};
/* End PBXVariantGroup section */

/* Begin XCBuildConfiguration section */
		84B8DB7C237B688300B88D4B /* Debug */ = {
			isa = XCBuildConfiguration;
			buildSettings = {
				ALWAYS_SEARCH_USER_PATHS = NO;
				CLANG_ANALYZER_NONNULL = YES;
				CLANG_ANALYZER_NUMBER_OBJECT_CONVERSION = YES_AGGRESSIVE;
				CLANG_CXX_LANGUAGE_STANDARD = "gnu++14";
				CLANG_CXX_LIBRARY = "libc++";
				CLANG_ENABLE_MODULES = YES;
				CLANG_ENABLE_OBJC_ARC = YES;
				CLANG_ENABLE_OBJC_WEAK = YES;
				CLANG_WARN_BLOCK_CAPTURE_AUTORELEASING = YES;
				CLANG_WARN_BOOL_CONVERSION = YES;
				CLANG_WARN_COMMA = YES;
				CLANG_WARN_CONSTANT_CONVERSION = YES;
				CLANG_WARN_DEPRECATED_OBJC_IMPLEMENTATIONS = YES;
				CLANG_WARN_DIRECT_OBJC_ISA_USAGE = YES_ERROR;
				CLANG_WARN_DOCUMENTATION_COMMENTS = YES;
				CLANG_WARN_EMPTY_BODY = YES;
				CLANG_WARN_ENUM_CONVERSION = YES;
				CLANG_WARN_INFINITE_RECURSION = YES;
				CLANG_WARN_INT_CONVERSION = YES;
				CLANG_WARN_NON_LITERAL_NULL_CONVERSION = YES;
				CLANG_WARN_OBJC_IMPLICIT_RETAIN_SELF = YES;
				CLANG_WARN_OBJC_LITERAL_CONVERSION = YES;
				CLANG_WARN_OBJC_ROOT_CLASS = YES_ERROR;
				CLANG_WARN_RANGE_LOOP_ANALYSIS = YES;
				CLANG_WARN_STRICT_PROTOTYPES = YES;
				CLANG_WARN_SUSPICIOUS_MOVE = YES;
				CLANG_WARN_UNGUARDED_AVAILABILITY = YES_AGGRESSIVE;
				CLANG_WARN_UNREACHABLE_CODE = YES;
				CLANG_WARN__DUPLICATE_METHOD_MATCH = YES;
				COPY_PHASE_STRIP = NO;
				DEBUG_INFORMATION_FORMAT = dwarf;
				ENABLE_STRICT_OBJC_MSGSEND = YES;
				ENABLE_TESTABILITY = YES;
				GCC_C_LANGUAGE_STANDARD = gnu11;
				GCC_DYNAMIC_NO_PIC = NO;
				GCC_NO_COMMON_BLOCKS = YES;
				GCC_OPTIMIZATION_LEVEL = 0;
				GCC_PREPROCESSOR_DEFINITIONS = (
					"DEBUG=1",
					"$(inherited)",
				);
				GCC_WARN_64_TO_32_BIT_CONVERSION = YES;
				GCC_WARN_ABOUT_RETURN_TYPE = YES_ERROR;
				GCC_WARN_UNDECLARED_SELECTOR = YES;
				GCC_WARN_UNINITIALIZED_AUTOS = YES_AGGRESSIVE;
				GCC_WARN_UNUSED_FUNCTION = YES;
				GCC_WARN_UNUSED_VARIABLE = YES;
				IPHONEOS_DEPLOYMENT_TARGET = 13.2;
				MTL_ENABLE_DEBUG_INFO = INCLUDE_SOURCE;
				MTL_FAST_MATH = YES;
				ONLY_ACTIVE_ARCH = YES;
				SDKROOT = iphoneos;
				SWIFT_ACTIVE_COMPILATION_CONDITIONS = DEBUG;
				SWIFT_OPTIMIZATION_LEVEL = "-Onone";
			};
			name = Debug;
		};
		84B8DB7D237B688300B88D4B /* Release */ = {
			isa = XCBuildConfiguration;
			buildSettings = {
				ALWAYS_SEARCH_USER_PATHS = NO;
				CLANG_ANALYZER_NONNULL = YES;
				CLANG_ANALYZER_NUMBER_OBJECT_CONVERSION = YES_AGGRESSIVE;
				CLANG_CXX_LANGUAGE_STANDARD = "gnu++14";
				CLANG_CXX_LIBRARY = "libc++";
				CLANG_ENABLE_MODULES = YES;
				CLANG_ENABLE_OBJC_ARC = YES;
				CLANG_ENABLE_OBJC_WEAK = YES;
				CLANG_WARN_BLOCK_CAPTURE_AUTORELEASING = YES;
				CLANG_WARN_BOOL_CONVERSION = YES;
				CLANG_WARN_COMMA = YES;
				CLANG_WARN_CONSTANT_CONVERSION = YES;
				CLANG_WARN_DEPRECATED_OBJC_IMPLEMENTATIONS = YES;
				CLANG_WARN_DIRECT_OBJC_ISA_USAGE = YES_ERROR;
				CLANG_WARN_DOCUMENTATION_COMMENTS = YES;
				CLANG_WARN_EMPTY_BODY = YES;
				CLANG_WARN_ENUM_CONVERSION = YES;
				CLANG_WARN_INFINITE_RECURSION = YES;
				CLANG_WARN_INT_CONVERSION = YES;
				CLANG_WARN_NON_LITERAL_NULL_CONVERSION = YES;
				CLANG_WARN_OBJC_IMPLICIT_RETAIN_SELF = YES;
				CLANG_WARN_OBJC_LITERAL_CONVERSION = YES;
				CLANG_WARN_OBJC_ROOT_CLASS = YES_ERROR;
				CLANG_WARN_RANGE_LOOP_ANALYSIS = YES;
				CLANG_WARN_STRICT_PROTOTYPES = YES;
				CLANG_WARN_SUSPICIOUS_MOVE = YES;
				CLANG_WARN_UNGUARDED_AVAILABILITY = YES_AGGRESSIVE;
				CLANG_WARN_UNREACHABLE_CODE = YES;
				CLANG_WARN__DUPLICATE_METHOD_MATCH = YES;
				COPY_PHASE_STRIP = NO;
				DEBUG_INFORMATION_FORMAT = "dwarf-with-dsym";
				ENABLE_NS_ASSERTIONS = NO;
				ENABLE_STRICT_OBJC_MSGSEND = YES;
				GCC_C_LANGUAGE_STANDARD = gnu11;
				GCC_NO_COMMON_BLOCKS = YES;
				GCC_WARN_64_TO_32_BIT_CONVERSION = YES;
				GCC_WARN_ABOUT_RETURN_TYPE = YES_ERROR;
				GCC_WARN_UNDECLARED_SELECTOR = YES;
				GCC_WARN_UNINITIALIZED_AUTOS = YES_AGGRESSIVE;
				GCC_WARN_UNUSED_FUNCTION = YES;
				GCC_WARN_UNUSED_VARIABLE = YES;
				IPHONEOS_DEPLOYMENT_TARGET = 13.2;
				MTL_ENABLE_DEBUG_INFO = NO;
				MTL_FAST_MATH = YES;
				SDKROOT = iphoneos;
				SWIFT_COMPILATION_MODE = wholemodule;
				SWIFT_OPTIMIZATION_LEVEL = "-O";
				VALIDATE_PRODUCT = YES;
			};
			name = Release;
		};
		84B8DB7F237B688300B88D4B /* Debug */ = {
			isa = XCBuildConfiguration;
			baseConfigurationReference = F39A36E06035A7979CFDFA64 /* Pods-ForsquareLookup.debug.xcconfig */;
			buildSettings = {
				ASSETCATALOG_COMPILER_APPICON_NAME = AppIcon;
				CODE_SIGN_STYLE = Automatic;
				DEVELOPMENT_TEAM = QTUYE3EGGC;
				INFOPLIST_FILE = ForsquareLookup/Info.plist;
				LD_RUNPATH_SEARCH_PATHS = (
					"$(inherited)",
					"@executable_path/Frameworks",
				);
				PRODUCT_BUNDLE_IDENTIFIER = com.winowski.ForsquareLookup;
				PRODUCT_NAME = "$(TARGET_NAME)";
				SWIFT_VERSION = 5.0;
				TARGETED_DEVICE_FAMILY = "1,2";
			};
			name = Debug;
		};
		84B8DB80237B688300B88D4B /* Release */ = {
			isa = XCBuildConfiguration;
			baseConfigurationReference = 899404B3387630F527F38F2A /* Pods-ForsquareLookup.release.xcconfig */;
			buildSettings = {
				ASSETCATALOG_COMPILER_APPICON_NAME = AppIcon;
				CODE_SIGN_STYLE = Automatic;
				DEVELOPMENT_TEAM = QTUYE3EGGC;
				INFOPLIST_FILE = ForsquareLookup/Info.plist;
				LD_RUNPATH_SEARCH_PATHS = (
					"$(inherited)",
					"@executable_path/Frameworks",
				);
				PRODUCT_BUNDLE_IDENTIFIER = com.winowski.ForsquareLookup;
				PRODUCT_NAME = "$(TARGET_NAME)";
				SWIFT_VERSION = 5.0;
				TARGETED_DEVICE_FAMILY = "1,2";
			};
			name = Release;
		};
		84B8DB82237B688300B88D4B /* Debug */ = {
			isa = XCBuildConfiguration;
			baseConfigurationReference = B9FC1B0DE46BABCEAEE89140 /* Pods-ForsquareLookupTests.debug.xcconfig */;
			buildSettings = {
				ALWAYS_EMBED_SWIFT_STANDARD_LIBRARIES = YES;
				BUNDLE_LOADER = "$(TEST_HOST)";
				CODE_SIGN_STYLE = Automatic;
				DEVELOPMENT_TEAM = QTUYE3EGGC;
				INFOPLIST_FILE = ForsquareLookupTests/Info.plist;
				IPHONEOS_DEPLOYMENT_TARGET = 13.2;
				LD_RUNPATH_SEARCH_PATHS = (
					"$(inherited)",
					"@executable_path/Frameworks",
					"@loader_path/Frameworks",
				);
				PRODUCT_BUNDLE_IDENTIFIER = com.winowski.ForsquareLookupTests;
				PRODUCT_NAME = "$(TARGET_NAME)";
				SWIFT_VERSION = 5.0;
				TARGETED_DEVICE_FAMILY = "1,2";
				TEST_HOST = "$(BUILT_PRODUCTS_DIR)/ForsquareLookup.app/ForsquareLookup";
			};
			name = Debug;
		};
		84B8DB83237B688300B88D4B /* Release */ = {
			isa = XCBuildConfiguration;
			baseConfigurationReference = 6DC5B54E207B1D42DF9565DA /* Pods-ForsquareLookupTests.release.xcconfig */;
			buildSettings = {
				ALWAYS_EMBED_SWIFT_STANDARD_LIBRARIES = YES;
				BUNDLE_LOADER = "$(TEST_HOST)";
				CODE_SIGN_STYLE = Automatic;
				DEVELOPMENT_TEAM = QTUYE3EGGC;
				INFOPLIST_FILE = ForsquareLookupTests/Info.plist;
				IPHONEOS_DEPLOYMENT_TARGET = 13.2;
				LD_RUNPATH_SEARCH_PATHS = (
					"$(inherited)",
					"@executable_path/Frameworks",
					"@loader_path/Frameworks",
				);
				PRODUCT_BUNDLE_IDENTIFIER = com.winowski.ForsquareLookupTests;
				PRODUCT_NAME = "$(TARGET_NAME)";
				SWIFT_VERSION = 5.0;
				TARGETED_DEVICE_FAMILY = "1,2";
				TEST_HOST = "$(BUILT_PRODUCTS_DIR)/ForsquareLookup.app/ForsquareLookup";
			};
			name = Release;
		};
/* End XCBuildConfiguration section */

/* Begin XCConfigurationList section */
		84B8DB5A237B688200B88D4B /* Build configuration list for PBXProject "ForsquareLookup" */ = {
			isa = XCConfigurationList;
			buildConfigurations = (
				84B8DB7C237B688300B88D4B /* Debug */,
				84B8DB7D237B688300B88D4B /* Release */,
			);
			defaultConfigurationIsVisible = 0;
			defaultConfigurationName = Release;
		};
		84B8DB7E237B688300B88D4B /* Build configuration list for PBXNativeTarget "ForsquareLookup" */ = {
			isa = XCConfigurationList;
			buildConfigurations = (
				84B8DB7F237B688300B88D4B /* Debug */,
				84B8DB80237B688300B88D4B /* Release */,
			);
			defaultConfigurationIsVisible = 0;
			defaultConfigurationName = Release;
		};
		84B8DB81237B688300B88D4B /* Build configuration list for PBXNativeTarget "ForsquareLookupTests" */ = {
			isa = XCConfigurationList;
			buildConfigurations = (
				84B8DB82237B688300B88D4B /* Debug */,
				84B8DB83237B688300B88D4B /* Release */,
			);
			defaultConfigurationIsVisible = 0;
			defaultConfigurationName = Release;
		};
/* End XCConfigurationList section */
	};
	rootObject = 84B8DB57237B688200B88D4B /* Project object */;
}
